
Microsoft Visual Studio Solution File, Format Version 12.00
# Visual Studio Version 17
VisualStudioVersion = 17.10.35013.160
MinimumVisualStudioVersion = 10.0.40219.1
Project("{F184B08F-C81C-45F6-A57F-5ABD9991F28F}") = "FormApp", "FormApp\FormApp.vbproj", "{2016DD20-3AFB-4514-80EE-C49CCC0D586F}"
EndProject
Global
	GlobalSection(SolutionConfigurationPlatforms) = preSolution
		Debug|Any CPU = Debug|Any CPU
		Release|Any CPU = Release|Any CPU
	EndGlobalSection
	GlobalSection(ProjectConfigurationPlatforms) = postSolution
		{2016DD20-3AFB-4514-80EE-C49CCC0D586F}.Debug|Any CPU.ActiveCfg = Debug|Any CPU
		{2016DD20-3AFB-4514-80EE-C49CCC0D586F}.Debug|Any CPU.Build.0 = Debug|Any CPU
		{2016DD20-3AFB-4514-80EE-C49CCC0D586F}.Release|Any CPU.ActiveCfg = Release|Any CPU
		{2016DD20-3AFB-4514-80EE-C49CCC0D586F}.Release|Any CPU.Build.0 = Release|Any CPU
	EndGlobalSection
	GlobalSection(SolutionProperties) = preSolution
		HideSolutionNode = FALSE
	EndGlobalSection
	GlobalSection(ExtensibilityGlobals) = postSolution
		SolutionGuid = {C607C870-70AB-4E97-BBCB-9BA7D118E0F9}
	EndGlobalSection
EndGlobal
